
Microsoft Visual Studio Solution File, Format Version 12.00
# Visual Studio Version 17
VisualStudioVersion = 17.7.34003.232
MinimumVisualStudioVersion = 10.0.40219.1
Project("{FAE04EC0-301F-11D3-BF4B-00C04F79EFBC}") = "LoanAdminManagement", "LoanAdminManagement\LoanAdminManagement.csproj", "{C8EAE49E-712D-4178-A94A-00DAD80D3B8B}"
EndProject
Global
	GlobalSection(SolutionConfigurationPlatforms) = preSolution
		Debug|Any CPU = Debug|Any CPU
		Release|Any CPU = Release|Any CPU
	EndGlobalSection
	GlobalSection(ProjectConfigurationPlatforms) = postSolution
		{C8EAE49E-712D-4178-A94A-00DAD80D3B8B}.Debug|Any CPU.ActiveCfg = Debug|Any CPU
		{C8EAE49E-712D-4178-A94A-00DAD80D3B8B}.Debug|Any CPU.Build.0 = Debug|Any CPU
		{C8EAE49E-712D-4178-A94A-00DAD80D3B8B}.Release|Any CPU.ActiveCfg = Release|Any CPU
		{C8EAE49E-712D-4178-A94A-00DAD80D3B8B}.Release|Any CPU.Build.0 = Release|Any CPU
	EndGlobalSection
	GlobalSection(SolutionProperties) = preSolution
		HideSolutionNode = FALSE
	EndGlobalSection
	GlobalSection(ExtensibilityGlobals) = postSolution
		SolutionGuid = {8E324CBD-6E99-461D-A350-1E4EFE0DD80C}
	EndGlobalSection
EndGlobal
